
Microsoft Visual Studio Solution File, Format Version 12.00
# Visual Studio 15
VisualStudioVersion = 15.0.28307.421
MinimumVisualStudioVersion = 10.0.40219.1
Project("{FAE04EC0-301F-11D3-BF4B-00C04F79EFBC}") = "HelloWorld", "HelloWorld\HelloWorld.csproj", "{52448D97-6B63-4764-9148-E0C77976796B}"
EndProject
Global
	GlobalSection(SolutionConfigurationPlatforms) = preSolution
		Debug|Any CPU = Debug|Any CPU
		Release|Any CPU = Release|Any CPU
	EndGlobalSection
	GlobalSection(ProjectConfigurationPlatforms) = postSolution
		{52448D97-6B63-4764-9148-E0C77976796B}.Debug|Any CPU.ActiveCfg = Debug|Any CPU
		{52448D97-6B63-4764-9148-E0C77976796B}.Debug|Any CPU.Build.0 = Debug|Any CPU
		{52448D97-6B63-4764-9148-E0C77976796B}.Release|Any CPU.ActiveCfg = Release|Any CPU
		{52448D97-6B63-4764-9148-E0C77976796B}.Release|Any CPU.Build.0 = Release|Any CPU
	EndGlobalSection
	GlobalSection(SolutionProperties) = preSolution
		HideSolutionNode = FALSE
	EndGlobalSection
	GlobalSection(ExtensibilityGlobals) = postSolution
		SolutionGuid = {9143FCD7-6B1D-4767-A057-77504B523D5A}
	EndGlobalSection
EndGlobal
