
Microsoft Visual Studio Solution File, Format Version 12.00
# Visual Studio 15
VisualStudioVersion = 15.0.28307.421
MinimumVisualStudioVersion = 10.0.40219.1
Project("{FAE04EC0-301F-11D3-BF4B-00C04F79EFBC}") = "DayTwo", "DayTwo\DayTwo.csproj", "{AB58A2BD-7240-4D2E-BF73-C48ECEBDE78B}"
EndProject
Global
	GlobalSection(SolutionConfigurationPlatforms) = preSolution
		Debug|Any CPU = Debug|Any CPU
		Release|Any CPU = Release|Any CPU
	EndGlobalSection
	GlobalSection(ProjectConfigurationPlatforms) = postSolution
		{AB58A2BD-7240-4D2E-BF73-C48ECEBDE78B}.Debug|Any CPU.ActiveCfg = Debug|Any CPU
		{AB58A2BD-7240-4D2E-BF73-C48ECEBDE78B}.Debug|Any CPU.Build.0 = Debug|Any CPU
		{AB58A2BD-7240-4D2E-BF73-C48ECEBDE78B}.Release|Any CPU.ActiveCfg = Release|Any CPU
		{AB58A2BD-7240-4D2E-BF73-C48ECEBDE78B}.Release|Any CPU.Build.0 = Release|Any CPU
	EndGlobalSection
	GlobalSection(SolutionProperties) = preSolution
		HideSolutionNode = FALSE
	EndGlobalSection
	GlobalSection(ExtensibilityGlobals) = postSolution
		SolutionGuid = {4B22215B-F7D6-4157-BFBD-B4E298FCD016}
	EndGlobalSection
EndGlobal
